// !$*UTF8*$!
{
	archiveVersion = 1;
	classes = {
	};
	objectVersion = 46;
	objects = {

/* Begin PBXBuildFile section */
		3BCA08225F652406A6E8CB45 /* Pods___TVTests.framework in Frameworks */ = {isa = PBXBuildFile; fileRef = DABDB0FF9C69318F387623BC /* Pods___TVTests.framework */; };
		6D3194DA8FE52CDA5BB3A17B /* Pods___TVUITests.framework in Frameworks */ = {isa = PBXBuildFile; fileRef = 893BBBD11E634C883BA850D5 /* Pods___TVUITests.framework */; };
		84820C111F244CCD0071D417 /* types.plist in Resources */ = {isa = PBXBuildFile; fileRef = 84820C101F244CCD0071D417 /* types.plist */; };
		84820C1A1F244DFB0071D417 /* LTBContentView.swift in Sources */ = {isa = PBXBuildFile; fileRef = 84820C131F244DFB0071D417 /* LTBContentView.swift */; };
		84820C1D1F244DFB0071D417 /* LTBTitleStyle.swift in Sources */ = {isa = PBXBuildFile; fileRef = 84820C161F244DFB0071D417 /* LTBTitleStyle.swift */; };
		84820C1E1F244DFB0071D417 /* LTBPageView.swift in Sources */ = {isa = PBXBuildFile; fileRef = 84820C171F244DFB0071D417 /* LTBPageView.swift */; };
		84820C1F1F244DFB0071D417 /* LTBTitleView.swift in Sources */ = {isa = PBXBuildFile; fileRef = 84820C181F244DFB0071D417 /* LTBTitleView.swift */; };
		84820C251F2456BC0071D417 /* NetworkTools.swift in Sources */ = {isa = PBXBuildFile; fileRef = 84820C241F2456BC0071D417 /* NetworkTools.swift */; };
		84820C271F2459680071D417 /* KingfisherExtension.swift in Sources */ = {isa = PBXBuildFile; fileRef = 84820C261F2459680071D417 /* KingfisherExtension.swift */; };
		84820C301F245A720071D417 /* Home.storyboard in Resources */ = {isa = PBXBuildFile; fileRef = 84820C2A1F245A720071D417 /* Home.storyboard */; };
		84820C311F245A720071D417 /* HomeViewController.swift in Sources */ = {isa = PBXBuildFile; fileRef = 84820C2B1F245A720071D417 /* HomeViewController.swift */; };
		84820C321F245A720071D417 /* WaterfallLayout.swift in Sources */ = {isa = PBXBuildFile; fileRef = 84820C2E1F245A720071D417 /* WaterfallLayout.swift */; };
		84820C341F245A8B0071D417 /* HomeViewModel.swift in Sources */ = {isa = PBXBuildFile; fileRef = 84820C331F245A8B0071D417 /* HomeViewModel.swift */; };
		84820C361F245B110071D417 /* HomeType.swift in Sources */ = {isa = PBXBuildFile; fileRef = 84820C351F245B110071D417 /* HomeType.swift */; };
		84820C381F245B2A0071D417 /* BaseModel.swift in Sources */ = {isa = PBXBuildFile; fileRef = 84820C371F245B2A0071D417 /* BaseModel.swift */; };
		84820C3A1F245BEE0071D417 /* AnchorModel.swift in Sources */ = {isa = PBXBuildFile; fileRef = 84820C391F245BEE0071D417 /* AnchorModel.swift */; };
		84820C3D1F245C370071D417 /* HomeViewCell.swift in Sources */ = {isa = PBXBuildFile; fileRef = 84820C3B1F245C370071D417 /* HomeViewCell.swift */; };
		84820C3E1F245C370071D417 /* HomeViewCell.xib in Resources */ = {isa = PBXBuildFile; fileRef = 84820C3C1F245C370071D417 /* HomeViewCell.xib */; };
		84820C411F245E990071D417 /* Const.swift in Sources */ = {isa = PBXBuildFile; fileRef = 84820C401F245E990071D417 /* Const.swift */; };
		84820C431F245F980071D417 /* AnchorViewController.swift in Sources */ = {isa = PBXBuildFile; fileRef = 84820C421F245F980071D417 /* AnchorViewController.swift */; };
		84820C4A1F2461BA0071D417 /* RoomViewController.swift in Sources */ = {isa = PBXBuildFile; fileRef = 84820C461F2461BA0071D417 /* RoomViewController.swift */; };
		84820C4B1F2461BA0071D417 /* RoomViewController.xib in Resources */ = {isa = PBXBuildFile; fileRef = 84820C471F2461BA0071D417 /* RoomViewController.xib */; };
		8483C28E1F25672D0019CB69 /* LTBPageCollectionViewLayout.swift in Sources */ = {isa = PBXBuildFile; fileRef = 8483C28D1F25672D0019CB69 /* LTBPageCollectionViewLayout.swift */; };
		8483C2901F256B6C0019CB69 /* LTBPageCollectionView.swift in Sources */ = {isa = PBXBuildFile; fileRef = 8483C28F1F256B6C0019CB69 /* LTBPageCollectionView.swift */; };
		8483C2931F25730E0019CB69 /* NibLoadable.swift in Sources */ = {isa = PBXBuildFile; fileRef = 8483C2921F25730E0019CB69 /* NibLoadable.swift */; };
		8483C2951F2573AC0019CB69 /* Emitterable.swift in Sources */ = {isa = PBXBuildFile; fileRef = 8483C2941F2573AC0019CB69 /* Emitterable.swift */; };
		8483C2971F2575330019CB69 /* NSData-Extension.swift in Sources */ = {isa = PBXBuildFile; fileRef = 8483C2961F2575330019CB69 /* NSData-Extension.swift */; };
		8483C29A1F2576010019CB69 /* GiftModel.swift in Sources */ = {isa = PBXBuildFile; fileRef = 8483C2991F2576010019CB69 /* GiftModel.swift */; };
		8483C29C1F2576330019CB69 /* GiftPackage.swift in Sources */ = {isa = PBXBuildFile; fileRef = 8483C29B1F2576330019CB69 /* GiftPackage.swift */; };
		8483C29E1F25767B0019CB69 /* Emoticon.swift in Sources */ = {isa = PBXBuildFile; fileRef = 8483C29D1F25767B0019CB69 /* Emoticon.swift */; };
		8483C2A01F2576980019CB69 /* EmoticonPackage.swift in Sources */ = {isa = PBXBuildFile; fileRef = 8483C29F1F2576980019CB69 /* EmoticonPackage.swift */; };
		8483C2A21F2576FB0019CB69 /* GiftViewModel.swift in Sources */ = {isa = PBXBuildFile; fileRef = 8483C2A11F2576FB0019CB69 /* GiftViewModel.swift */; };
		8483C2A41F2577880019CB69 /* EmoticonViewModel.swift in Sources */ = {isa = PBXBuildFile; fileRef = 8483C2A31F2577880019CB69 /* EmoticonViewModel.swift */; };
		8483C2B01F2577F00019CB69 /* ChatToolsView.swift in Sources */ = {isa = PBXBuildFile; fileRef = 8483C2A61F2577F00019CB69 /* ChatToolsView.swift */; };
		8483C2B11F2577F00019CB69 /* ChatToolsView.xib in Resources */ = {isa = PBXBuildFile; fileRef = 8483C2A71F2577F00019CB69 /* ChatToolsView.xib */; };
		8483C2B21F2577F00019CB69 /* EmoticonView.swift in Sources */ = {isa = PBXBuildFile; fileRef = 8483C2A81F2577F00019CB69 /* EmoticonView.swift */; };
		8483C2B31F2577F00019CB69 /* EmoticonViewCell.swift in Sources */ = {isa = PBXBuildFile; fileRef = 8483C2A91F2577F00019CB69 /* EmoticonViewCell.swift */; };
		8483C2B41F2577F00019CB69 /* EmoticonViewCell.xib in Resources */ = {isa = PBXBuildFile; fileRef = 8483C2AA1F2577F00019CB69 /* EmoticonViewCell.xib */; };
		8483C2B51F2577F00019CB69 /* GiftListView.swift in Sources */ = {isa = PBXBuildFile; fileRef = 8483C2AC1F2577F00019CB69 /* GiftListView.swift */; };
		8483C2B61F2577F00019CB69 /* GiftListView.xib in Resources */ = {isa = PBXBuildFile; fileRef = 8483C2AD1F2577F00019CB69 /* GiftListView.xib */; };
		8483C2B71F2577F00019CB69 /* GiftViewCell.swift in Sources */ = {isa = PBXBuildFile; fileRef = 8483C2AE1F2577F00019CB69 /* GiftViewCell.swift */; };
		8483C2B81F2577F00019CB69 /* GiftViewCell.xib in Resources */ = {isa = PBXBuildFile; fileRef = 8483C2AF1F2577F00019CB69 /* GiftViewCell.xib */; };
		84962E251F1D87B400EFD2A1 /* UIColor-Extension.swift in Sources */ = {isa = PBXBuildFile; fileRef = 84962E241F1D87B400EFD2A1 /* UIColor-Extension.swift */; };
		84AF6EE81F1D0535004850AE /* AppDelegate.swift in Sources */ = {isa = PBXBuildFile; fileRef = 84AF6EE71F1D0535004850AE /* AppDelegate.swift */; };
		84AF6EEA1F1D0535004850AE /* ViewController.swift in Sources */ = {isa = PBXBuildFile; fileRef = 84AF6EE91F1D0535004850AE /* ViewController.swift */; };
		84AF6EED1F1D0536004850AE /* Main.storyboard in Resources */ = {isa = PBXBuildFile; fileRef = 84AF6EEB1F1D0536004850AE /* Main.storyboard */; };
		84AF6EEF1F1D0536004850AE /* Assets.xcassets in Resources */ = {isa = PBXBuildFile; fileRef = 84AF6EEE1F1D0536004850AE /* Assets.xcassets */; };
		84AF6EF21F1D0536004850AE /* LaunchScreen.storyboard in Resources */ = {isa = PBXBuildFile; fileRef = 84AF6EF01F1D0536004850AE /* LaunchScreen.storyboard */; };
		84AF6EFD1F1D0536004850AE /* __TVTests.swift in Sources */ = {isa = PBXBuildFile; fileRef = 84AF6EFC1F1D0536004850AE /* __TVTests.swift */; };
		84AF6F081F1D0536004850AE /* __TVUITests.swift in Sources */ = {isa = PBXBuildFile; fileRef = 84AF6F071F1D0536004850AE /* __TVUITests.swift */; };
		84AF6F231F1D0544004850AE /* Discover.storyboard in Resources */ = {isa = PBXBuildFile; fileRef = 84AF6F181F1D0544004850AE /* Discover.storyboard */; };
		84AF6F251F1D0544004850AE /* LTBNavigationController.swift in Sources */ = {isa = PBXBuildFile; fileRef = 84AF6F1D1F1D0544004850AE /* LTBNavigationController.swift */; };
		84AF6F261F1D0544004850AE /* MainViewController.swift in Sources */ = {isa = PBXBuildFile; fileRef = 84AF6F1E1F1D0544004850AE /* MainViewController.swift */; };
		84AF6F271F1D0544004850AE /* Profile.storyboard in Resources */ = {isa = PBXBuildFile; fileRef = 84AF6F201F1D0544004850AE /* Profile.storyboard */; };
		84AF6F281F1D0544004850AE /* Rank.storyboard in Resources */ = {isa = PBXBuildFile; fileRef = 84AF6F221F1D0544004850AE /* Rank.storyboard */; };
		980487F346A3EA2AFE482F86 /* Pods___TV.framework in Frameworks */ = {isa = PBXBuildFile; fileRef = 0DC5A264A6C353F6242D2862 /* Pods___TV.framework */; };
/* End PBXBuildFile section */

/* Begin PBXContainerItemProxy section */
		84AF6EF91F1D0536004850AE /* PBXContainerItemProxy */ = {
			isa = PBXContainerItemProxy;
			containerPortal = 84AF6EDC1F1D0535004850AE /* Project object */;
			proxyType = 1;
			remoteGlobalIDString = 84AF6EE31F1D0535004850AE;
			remoteInfo = "吃播TV";
		};
		84AF6F041F1D0536004850AE /* PBXContainerItemProxy */ = {
			isa = PBXContainerItemProxy;
			containerPortal = 84AF6EDC1F1D0535004850AE /* Project object */;
			proxyType = 1;
			remoteGlobalIDString = 84AF6EE31F1D0535004850AE;
			remoteInfo = "吃播TV";
		};
/* End PBXContainerItemProxy section */

/* Begin PBXFileReference section */
		0DC5A264A6C353F6242D2862 /* Pods___TV.framework */ = {isa = PBXFileReference; explicitFileType = wrapper.framework; includeInIndex = 0; path = "Pods___TV.framework"; sourceTree = BUILT_PRODUCTS_DIR; };
		1C8D95E7814467ECE33C8E36 /* Pods-吃播TV.release.xcconfig */ = {isa = PBXFileReference; includeInIndex = 1; lastKnownFileType = text.xcconfig; name = "Pods-吃播TV.release.xcconfig"; path = "Pods/Target Support Files/Pods-吃播TV/Pods-吃播TV.release.xcconfig"; sourceTree = "<group>"; };
		51FD80D9A12560B0E07C1877 /* Pods-吃播TVTests.debug.xcconfig */ = {isa = PBXFileReference; includeInIndex = 1; lastKnownFileType = text.xcconfig; name = "Pods-吃播TVTests.debug.xcconfig"; path = "Pods/Target Support Files/Pods-吃播TVTests/Pods-吃播TVTests.debug.xcconfig"; sourceTree = "<group>"; };
		54F79F22B4F2F6746A6B3615 /* Pods-吃播TVUITests.debug.xcconfig */ = {isa = PBXFileReference; includeInIndex = 1; lastKnownFileType = text.xcconfig; name = "Pods-吃播TVUITests.debug.xcconfig"; path = "Pods/Target Support Files/Pods-吃播TVUITests/Pods-吃播TVUITests.debug.xcconfig"; sourceTree = "<group>"; };
		84820C101F244CCD0071D417 /* types.plist */ = {isa = PBXFileReference; fileEncoding = 4; lastKnownFileType = text.plist.xml; path = types.plist; sourceTree = "<group>"; };
		84820C131F244DFB0071D417 /* LTBContentView.swift */ = {isa = PBXFileReference; fileEncoding = 4; lastKnownFileType = sourcecode.swift; path = LTBContentView.swift; sourceTree = "<group>"; };
		84820C161F244DFB0071D417 /* LTBTitleStyle.swift */ = {isa = PBXFileReference; fileEncoding = 4; lastKnownFileType = sourcecode.swift; path = LTBTitleStyle.swift; sourceTree = "<group>"; };
		84820C171F244DFB0071D417 /* LTBPageView.swift */ = {isa = PBXFileReference; fileEncoding = 4; lastKnownFileType = sourcecode.swift; path = LTBPageView.swift; sourceTree = "<group>"; };
		84820C181F244DFB0071D417 /* LTBTitleView.swift */ = {isa = PBXFileReference; fileEncoding = 4; lastKnownFileType = sourcecode.swift; path = LTBTitleView.swift; sourceTree = "<group>"; };
		84820C241F2456BC0071D417 /* NetworkTools.swift */ = {isa = PBXFileReference; fileEncoding = 4; lastKnownFileType = sourcecode.swift; path = NetworkTools.swift; sourceTree = "<group>"; };
		84820C261F2459680071D417 /* KingfisherExtension.swift */ = {isa = PBXFileReference; fileEncoding = 4; lastKnownFileType = sourcecode.swift; path = KingfisherExtension.swift; sourceTree = "<group>"; };
		84820C2A1F245A720071D417 /* Home.storyboard */ = {isa = PBXFileReference; fileEncoding = 4; lastKnownFileType = file.storyboard; path = Home.storyboard; sourceTree = "<group>"; };
		84820C2B1F245A720071D417 /* HomeViewController.swift */ = {isa = PBXFileReference; fileEncoding = 4; lastKnownFileType = sourcecode.swift; path = HomeViewController.swift; sourceTree = "<group>"; };
		84820C2E1F245A720071D417 /* WaterfallLayout.swift */ = {isa = PBXFileReference; fileEncoding = 4; lastKnownFileType = sourcecode.swift; path = WaterfallLayout.swift; sourceTree = "<group>"; };
		84820C331F245A8B0071D417 /* HomeViewModel.swift */ = {isa = PBXFileReference; fileEncoding = 4; lastKnownFileType = sourcecode.swift; path = HomeViewModel.swift; sourceTree = "<group>"; };
		84820C351F245B110071D417 /* HomeType.swift */ = {isa = PBXFileReference; fileEncoding = 4; lastKnownFileType = sourcecode.swift; path = HomeType.swift; sourceTree = "<group>"; };
		84820C371F245B2A0071D417 /* BaseModel.swift */ = {isa = PBXFileReference; fileEncoding = 4; lastKnownFileType = sourcecode.swift; path = BaseModel.swift; sourceTree = "<group>"; };
		84820C391F245BEE0071D417 /* AnchorModel.swift */ = {isa = PBXFileReference; fileEncoding = 4; lastKnownFileType = sourcecode.swift; path = AnchorModel.swift; sourceTree = "<group>"; };
		84820C3B1F245C370071D417 /* HomeViewCell.swift */ = {isa = PBXFileReference; fileEncoding = 4; lastKnownFileType = sourcecode.swift; path = HomeViewCell.swift; sourceTree = "<group>"; };
		84820C3C1F245C370071D417 /* HomeViewCell.xib */ = {isa = PBXFileReference; fileEncoding = 4; lastKnownFileType = file.xib; path = HomeViewCell.xib; sourceTree = "<group>"; };
		84820C401F245E990071D417 /* Const.swift */ = {isa = PBXFileReference; fileEncoding = 4; lastKnownFileType = sourcecode.swift; path = Const.swift; sourceTree = "<group>"; };
		84820C421F245F980071D417 /* AnchorViewController.swift */ = {isa = PBXFileReference; fileEncoding = 4; lastKnownFileType = sourcecode.swift; path = AnchorViewController.swift; sourceTree = "<group>"; };
		84820C461F2461BA0071D417 /* RoomViewController.swift */ = {isa = PBXFileReference; fileEncoding = 4; lastKnownFileType = sourcecode.swift; path = RoomViewController.swift; sourceTree = "<group>"; };
		84820C471F2461BA0071D417 /* RoomViewController.xib */ = {isa = PBXFileReference; fileEncoding = 4; lastKnownFileType = file.xib; path = RoomViewController.xib; sourceTree = "<group>"; };
		8483C28D1F25672D0019CB69 /* LTBPageCollectionViewLayout.swift */ = {isa = PBXFileReference; fileEncoding = 4; lastKnownFileType = sourcecode.swift; path = LTBPageCollectionViewLayout.swift; sourceTree = "<group>"; };
		8483C28F1F256B6C0019CB69 /* LTBPageCollectionView.swift */ = {isa = PBXFileReference; fileEncoding = 4; lastKnownFileType = sourcecode.swift; path = LTBPageCollectionView.swift; sourceTree = "<group>"; };
		8483C2921F25730E0019CB69 /* NibLoadable.swift */ = {isa = PBXFileReference; fileEncoding = 4; lastKnownFileType = sourcecode.swift; path = NibLoadable.swift; sourceTree = "<group>"; };
		8483C2941F2573AC0019CB69 /* Emitterable.swift */ = {isa = PBXFileReference; fileEncoding = 4; lastKnownFileType = sourcecode.swift; path = Emitterable.swift; sourceTree = "<group>"; };
		8483C2961F2575330019CB69 /* NSData-Extension.swift */ = {isa = PBXFileReference; fileEncoding = 4; lastKnownFileType = sourcecode.swift; path = "NSData-Extension.swift"; sourceTree = "<group>"; };
		8483C2991F2576010019CB69 /* GiftModel.swift */ = {isa = PBXFileReference; fileEncoding = 4; lastKnownFileType = sourcecode.swift; path = GiftModel.swift; sourceTree = "<group>"; };
		8483C29B1F2576330019CB69 /* GiftPackage.swift */ = {isa = PBXFileReference; fileEncoding = 4; lastKnownFileType = sourcecode.swift; path = GiftPackage.swift; sourceTree = "<group>"; };
		8483C29D1F25767B0019CB69 /* Emoticon.swift */ = {isa = PBXFileReference; fileEncoding = 4; lastKnownFileType = sourcecode.swift; path = Emoticon.swift; sourceTree = "<group>"; };
		8483C29F1F2576980019CB69 /* EmoticonPackage.swift */ = {isa = PBXFileReference; fileEncoding = 4; lastKnownFileType = sourcecode.swift; path = EmoticonPackage.swift; sourceTree = "<group>"; };
		8483C2A11F2576FB0019CB69 /* GiftViewModel.swift */ = {isa = PBXFileReference; fileEncoding = 4; lastKnownFileType = sourcecode.swift; path = GiftViewModel.swift; sourceTree = "<group>"; };
		8483C2A31F2577880019CB69 /* EmoticonViewModel.swift */ = {isa = PBXFileReference; fileEncoding = 4; lastKnownFileType = sourcecode.swift; path = EmoticonViewModel.swift; sourceTree = "<group>"; };
		8483C2A61F2577F00019CB69 /* ChatToolsView.swift */ = {isa = PBXFileReference; fileEncoding = 4; lastKnownFileType = sourcecode.swift; path = ChatToolsView.swift; sourceTree = "<group>"; };
		8483C2A71F2577F00019CB69 /* ChatToolsView.xib */ = {isa = PBXFileReference; fileEncoding = 4; lastKnownFileType = file.xib; path = ChatToolsView.xib; sourceTree = "<group>"; };
		8483C2A81F2577F00019CB69 /* EmoticonView.swift */ = {isa = PBXFileReference; fileEncoding = 4; lastKnownFileType = sourcecode.swift; path = EmoticonView.swift; sourceTree = "<group>"; };
		8483C2A91F2577F00019CB69 /* EmoticonViewCell.swift */ = {isa = PBXFileReference; fileEncoding = 4; lastKnownFileType = sourcecode.swift; path = EmoticonViewCell.swift; sourceTree = "<group>"; };
		8483C2AA1F2577F00019CB69 /* EmoticonViewCell.xib */ = {isa = PBXFileReference; fileEncoding = 4; lastKnownFileType = file.xib; path = EmoticonViewCell.xib; sourceTree = "<group>"; };
		8483C2AC1F2577F00019CB69 /* GiftListView.swift */ = {isa = PBXFileReference; fileEncoding = 4; lastKnownFileType = sourcecode.swift; path = GiftListView.swift; sourceTree = "<group>"; };
		8483C2AD1F2577F00019CB69 /* GiftListView.xib */ = {isa = PBXFileReference; fileEncoding = 4; lastKnownFileType = file.xib; path = GiftListView.xib; sourceTree = "<group>"; };
		8483C2AE1F2577F00019CB69 /* GiftViewCell.swift */ = {isa = PBXFileReference; fileEncoding = 4; lastKnownFileType = sourcecode.swift; path = GiftViewCell.swift; sourceTree = "<group>"; };
		8483C2AF1F2577F00019CB69 /* GiftViewCell.xib */ = {isa = PBXFileReference; fileEncoding = 4; lastKnownFileType = file.xib; path = GiftViewCell.xib; sourceTree = "<group>"; };
		84962E241F1D87B400EFD2A1 /* UIColor-Extension.swift */ = {isa = PBXFileReference; fileEncoding = 4; lastKnownFileType = sourcecode.swift; path = "UIColor-Extension.swift"; sourceTree = "<group>"; };
		84AF6EE41F1D0535004850AE /* 吃播TV.app */ = {isa = PBXFileReference; explicitFileType = wrapper.application; includeInIndex = 0; path = "吃播TV.app"; sourceTree = BUILT_PRODUCTS_DIR; };
		84AF6EE71F1D0535004850AE /* AppDelegate.swift */ = {isa = PBXFileReference; lastKnownFileType = sourcecode.swift; path = AppDelegate.swift; sourceTree = "<group>"; };
		84AF6EE91F1D0535004850AE /* ViewController.swift */ = {isa = PBXFileReference; lastKnownFileType = sourcecode.swift; path = ViewController.swift; sourceTree = "<group>"; };
		84AF6EEC1F1D0536004850AE /* Base */ = {isa = PBXFileReference; lastKnownFileType = file.storyboard; name = Base; path = Base.lproj/Main.storyboard; sourceTree = "<group>"; };
		84AF6EEE1F1D0536004850AE /* Assets.xcassets */ = {isa = PBXFileReference; lastKnownFileType = folder.assetcatalog; path = Assets.xcassets; sourceTree = "<group>"; };
		84AF6EF11F1D0536004850AE /* Base */ = {isa = PBXFileReference; lastKnownFileType = file.storyboard; name = Base; path = Base.lproj/LaunchScreen.storyboard; sourceTree = "<group>"; };
		84AF6EF31F1D0536004850AE /* Info.plist */ = {isa = PBXFileReference; lastKnownFileType = text.plist.xml; path = Info.plist; sourceTree = "<group>"; };
		84AF6EF81F1D0536004850AE /* 吃播TVTests.xctest */ = {isa = PBXFileReference; explicitFileType = wrapper.cfbundle; includeInIndex = 0; path = "吃播TVTests.xctest"; sourceTree = BUILT_PRODUCTS_DIR; };
		84AF6EFC1F1D0536004850AE /* __TVTests.swift */ = {isa = PBXFileReference; lastKnownFileType = sourcecode.swift; path = __TVTests.swift; sourceTree = "<group>"; };
		84AF6EFE1F1D0536004850AE /* Info.plist */ = {isa = PBXFileReference; lastKnownFileType = text.plist.xml; path = Info.plist; sourceTree = "<group>"; };
		84AF6F031F1D0536004850AE /* 吃播TVUITests.xctest */ = {isa = PBXFileReference; explicitFileType = wrapper.cfbundle; includeInIndex = 0; path = "吃播TVUITests.xctest"; sourceTree = BUILT_PRODUCTS_DIR; };
		84AF6F071F1D0536004850AE /* __TVUITests.swift */ = {isa = PBXFileReference; lastKnownFileType = sourcecode.swift; path = __TVUITests.swift; sourceTree = "<group>"; };
		84AF6F091F1D0536004850AE /* Info.plist */ = {isa = PBXFileReference; lastKnownFileType = text.plist.xml; path = Info.plist; sourceTree = "<group>"; };
		84AF6F181F1D0544004850AE /* Discover.storyboard */ = {isa = PBXFileReference; fileEncoding = 4; lastKnownFileType = file.storyboard; path = Discover.storyboard; sourceTree = "<group>"; };
		84AF6F1D1F1D0544004850AE /* LTBNavigationController.swift */ = {isa = PBXFileReference; fileEncoding = 4; lastKnownFileType = sourcecode.swift; path = LTBNavigationController.swift; sourceTree = "<group>"; };
		84AF6F1E1F1D0544004850AE /* MainViewController.swift */ = {isa = PBXFileReference; fileEncoding = 4; lastKnownFileType = sourcecode.swift; path = MainViewController.swift; sourceTree = "<group>"; };
		84AF6F201F1D0544004850AE /* Profile.storyboard */ = {isa = PBXFileReference; fileEncoding = 4; lastKnownFileType = file.storyboard; path = Profile.storyboard; sourceTree = "<group>"; };
		84AF6F221F1D0544004850AE /* Rank.storyboard */ = {isa = PBXFileReference; fileEncoding = 4; lastKnownFileType = file.storyboard; path = Rank.storyboard; sourceTree = "<group>"; };
		8730AA72543A9CF28DED211B /* Pods-吃播TV.debug.xcconfig */ = {isa = PBXFileReference; includeInIndex = 1; lastKnownFileType = text.xcconfig; name = "Pods-吃播TV.debug.xcconfig"; path = "Pods/Target Support Files/Pods-吃播TV/Pods-吃播TV.debug.xcconfig"; sourceTree = "<group>"; };
		893BBBD11E634C883BA850D5 /* Pods___TVUITests.framework */ = {isa = PBXFileReference; explicitFileType = wrapper.framework; includeInIndex = 0; path = "Pods___TVUITests.framework"; sourceTree = BUILT_PRODUCTS_DIR; };
		8AF50BBC3AFE5F321B8BBFCF /* Pods-吃播TVTests.release.xcconfig */ = {isa = PBXFileReference; includeInIndex = 1; lastKnownFileType = text.xcconfig; name = "Pods-吃播TVTests.release.xcconfig"; path = "Pods/Target Support Files/Pods-吃播TVTests/Pods-吃播TVTests.release.xcconfig"; sourceTree = "<group>"; };
		BDF63499669CC4B84E6B78D3 /* Pods-吃播TVUITests.release.xcconfig */ = {isa = PBXFileReference; includeInIndex = 1; lastKnownFileType = text.xcconfig; name = "Pods-吃播TVUITests.release.xcconfig"; path = "Pods/Target Support Files/Pods-吃播TVUITests/Pods-吃播TVUITests.release.xcconfig"; sourceTree = "<group>"; };
		DABDB0FF9C69318F387623BC /* Pods___TVTests.framework */ = {isa = PBXFileReference; explicitFileType = wrapper.framework; includeInIndex = 0; path = "Pods___TVTests.framework"; sourceTree = BUILT_PRODUCTS_DIR; };
/* End PBXFileReference section */

/* Begin PBXFrameworksBuildPhase section */
		84AF6EE11F1D0535004850AE /* Frameworks */ = {
			isa = PBXFrameworksBuildPhase;
			buildActionMask = 2147483647;
			files = (
				980487F346A3EA2AFE482F86 /* Pods___TV.framework in Frameworks */,
			);
			runOnlyForDeploymentPostprocessing = 0;
		};
		84AF6EF51F1D0536004850AE /* Frameworks */ = {
			isa = PBXFrameworksBuildPhase;
			buildActionMask = 2147483647;
			files = (
				3BCA08225F652406A6E8CB45 /* Pods___TVTests.framework in Frameworks */,
			);
			runOnlyForDeploymentPostprocessing = 0;
		};
		84AF6F001F1D0536004850AE /* Frameworks */ = {
			isa = PBXFrameworksBuildPhase;
			buildActionMask = 2147483647;
			files = (
				6D3194DA8FE52CDA5BB3A17B /* Pods___TVUITests.framework in Frameworks */,
			);
			runOnlyForDeploymentPostprocessing = 0;
		};
/* End PBXFrameworksBuildPhase section */

/* Begin PBXGroup section */
		3CA6B088C8AB2286429CC333 /* Pods */ = {
			isa = PBXGroup;
			children = (
				8730AA72543A9CF28DED211B /* Pods-吃播TV.debug.xcconfig */,
				1C8D95E7814467ECE33C8E36 /* Pods-吃播TV.release.xcconfig */,
				51FD80D9A12560B0E07C1877 /* Pods-吃播TVTests.debug.xcconfig */,
				8AF50BBC3AFE5F321B8BBFCF /* Pods-吃播TVTests.release.xcconfig */,
				54F79F22B4F2F6746A6B3615 /* Pods-吃播TVUITests.debug.xcconfig */,
				BDF63499669CC4B84E6B78D3 /* Pods-吃播TVUITests.release.xcconfig */,
			);
			name = Pods;
			sourceTree = "<group>";
		};
		7B0333F00FEC3A2AA5F40517 /* Frameworks */ = {
			isa = PBXGroup;
			children = (
				0DC5A264A6C353F6242D2862 /* Pods___TV.framework */,
				DABDB0FF9C69318F387623BC /* Pods___TVTests.framework */,
				893BBBD11E634C883BA850D5 /* Pods___TVUITests.framework */,
			);
			name = Frameworks;
			sourceTree = "<group>";
		};
		84820C0F1F244CCD0071D417 /* Resource */ = {
			isa = PBXGroup;
			children = (
				84820C101F244CCD0071D417 /* types.plist */,
			);
			path = Resource;
			sourceTree = "<group>";
		};
		84820C121F244DFB0071D417 /* LTBPageView */ = {
			isa = PBXGroup;
			children = (
				84820C131F244DFB0071D417 /* LTBContentView.swift */,
				84820C161F244DFB0071D417 /* LTBTitleStyle.swift */,
				84820C171F244DFB0071D417 /* LTBPageView.swift */,
				84820C181F244DFB0071D417 /* LTBTitleView.swift */,
				8483C28D1F25672D0019CB69 /* LTBPageCollectionViewLayout.swift */,
				8483C28F1F256B6C0019CB69 /* LTBPageCollectionView.swift */,
			);
			path = LTBPageView;
			sourceTree = "<group>";
		};
		84820C231F2455D70071D417 /* Tools */ = {
			isa = PBXGroup;
			children = (
				84820C241F2456BC0071D417 /* NetworkTools.swift */,
				84820C261F2459680071D417 /* KingfisherExtension.swift */,
			);
			path = Tools;
			sourceTree = "<group>";
		};
		84820C281F245A720071D417 /* Home */ = {
			isa = PBXGroup;
			children = (
				84820C291F245A720071D417 /* Controller */,
				84820C2C1F245A720071D417 /* Model */,
				84820C2D1F245A720071D417 /* Other */,
				84820C2F1F245A720071D417 /* View */,
			);
			path = Home;
			sourceTree = "<group>";
		};
		84820C291F245A720071D417 /* Controller */ = {
			isa = PBXGroup;
			children = (
				84820C2A1F245A720071D417 /* Home.storyboard */,
				84820C2B1F245A720071D417 /* HomeViewController.swift */,
				84820C421F245F980071D417 /* AnchorViewController.swift */,
			);
			path = Controller;
			sourceTree = "<group>";
		};
		84820C2C1F245A720071D417 /* Model */ = {
			isa = PBXGroup;
			children = (
				84820C351F245B110071D417 /* HomeType.swift */,
				84820C391F245BEE0071D417 /* AnchorModel.swift */,
			);
			path = Model;
			sourceTree = "<group>";
		};
		84820C2D1F245A720071D417 /* Other */ = {
			isa = PBXGroup;
			children = (
				84820C2E1F245A720071D417 /* WaterfallLayout.swift */,
				84820C331F245A8B0071D417 /* HomeViewModel.swift */,
			);
			path = Other;
			sourceTree = "<group>";
		};
		84820C2F1F245A720071D417 /* View */ = {
			isa = PBXGroup;
			children = (
				84820C3B1F245C370071D417 /* HomeViewCell.swift */,
				84820C3C1F245C370071D417 /* HomeViewCell.xib */,
			);
			path = View;
			sourceTree = "<group>";
		};
		84820C3F1F245E810071D417 /* Common */ = {
			isa = PBXGroup;
			children = (
				84820C401F245E990071D417 /* Const.swift */,
			);
			path = Common;
			sourceTree = "<group>";
		};
		84820C441F2461BA0071D417 /* Live */ = {
			isa = PBXGroup;
			children = (
				8483C2981F2575790019CB69 /* ViewModel */,
				84820C451F2461BA0071D417 /* Controller */,
				84820C481F2461BA0071D417 /* Model */,
				84820C491F2461BA0071D417 /* View */,
			);
			path = Live;
			sourceTree = "<group>";
		};
		84820C451F2461BA0071D417 /* Controller */ = {
			isa = PBXGroup;
			children = (
				84820C461F2461BA0071D417 /* RoomViewController.swift */,
				84820C471F2461BA0071D417 /* RoomViewController.xib */,
			);
			path = Controller;
			sourceTree = "<group>";
		};
		84820C481F2461BA0071D417 /* Model */ = {
			isa = PBXGroup;
			children = (
				8483C2991F2576010019CB69 /* GiftModel.swift */,
				8483C29B1F2576330019CB69 /* GiftPackage.swift */,
				8483C29D1F25767B0019CB69 /* Emoticon.swift */,
				8483C29F1F2576980019CB69 /* EmoticonPackage.swift */,
			);
			path = Model;
			sourceTree = "<group>";
		};
		84820C491F2461BA0071D417 /* View */ = {
			isa = PBXGroup;
			children = (
				8483C2A51F2577F00019CB69 /* ChatView */,
				8483C2AB1F2577F00019CB69 /* GiftView */,
			);
			path = View;
			sourceTree = "<group>";
		};
		8483C2911F2572E10019CB69 /* Protocol */ = {
			isa = PBXGroup;
			children = (
				8483C2921F25730E0019CB69 /* NibLoadable.swift */,
				8483C2941F2573AC0019CB69 /* Emitterable.swift */,
			);
			path = Protocol;
			sourceTree = "<group>";
		};
		8483C2981F2575790019CB69 /* ViewModel */ = {
			isa = PBXGroup;
			children = (
				8483C2A11F2576FB0019CB69 /* GiftViewModel.swift */,
				8483C2A31F2577880019CB69 /* EmoticonViewModel.swift */,
			);
			path = ViewModel;
			sourceTree = "<group>";
		};
		8483C2A51F2577F00019CB69 /* ChatView */ = {
			isa = PBXGroup;
			children = (
				8483C2A61F2577F00019CB69 /* ChatToolsView.swift */,
				8483C2A71F2577F00019CB69 /* ChatToolsView.xib */,
				8483C2A81F2577F00019CB69 /* EmoticonView.swift */,
				8483C2A91F2577F00019CB69 /* EmoticonViewCell.swift */,
				8483C2AA1F2577F00019CB69 /* EmoticonViewCell.xib */,
			);
			path = ChatView;
			sourceTree = "<group>";
		};
		8483C2AB1F2577F00019CB69 /* GiftView */ = {
			isa = PBXGroup;
			children = (
				8483C2AC1F2577F00019CB69 /* GiftListView.swift */,
				8483C2AD1F2577F00019CB69 /* GiftListView.xib */,
				8483C2AE1F2577F00019CB69 /* GiftViewCell.swift */,
				8483C2AF1F2577F00019CB69 /* GiftViewCell.xib */,
			);
			path = GiftView;
			sourceTree = "<group>";
		};
		84962E231F1D879200EFD2A1 /* Extension */ = {
			isa = PBXGroup;
			children = (
				84962E241F1D87B400EFD2A1 /* UIColor-Extension.swift */,
				8483C2961F2575330019CB69 /* NSData-Extension.swift */,
			);
			path = Extension;
			sourceTree = "<group>";
		};
		84AF6EDB1F1D0535004850AE = {
			isa = PBXGroup;
			children = (
				84AF6EE61F1D0535004850AE /* 吃播TV */,
				84AF6EFB1F1D0536004850AE /* 吃播TVTests */,
				84AF6F061F1D0536004850AE /* 吃播TVUITests */,
				84AF6EE51F1D0535004850AE /* Products */,
				3CA6B088C8AB2286429CC333 /* Pods */,
				7B0333F00FEC3A2AA5F40517 /* Frameworks */,
			);
			sourceTree = "<group>";
		};
		84AF6EE51F1D0535004850AE /* Products */ = {
			isa = PBXGroup;
			children = (
				84AF6EE41F1D0535004850AE /* 吃播TV.app */,
				84AF6EF81F1D0536004850AE /* 吃播TVTests.xctest */,
				84AF6F031F1D0536004850AE /* 吃播TVUITests.xctest */,
			);
			name = Products;
			sourceTree = "<group>";
		};
		84AF6EE61F1D0535004850AE /* 吃播TV */ = {
			isa = PBXGroup;
			children = (
				84AF6F151F1D0544004850AE /* Classes */,
				84AF6EE71F1D0535004850AE /* AppDelegate.swift */,
				84AF6EE91F1D0535004850AE /* ViewController.swift */,
				84AF6EEB1F1D0536004850AE /* Main.storyboard */,
				84AF6EEE1F1D0536004850AE /* Assets.xcassets */,
				84AF6EF01F1D0536004850AE /* LaunchScreen.storyboard */,
				84AF6EF31F1D0536004850AE /* Info.plist */,
			);
			path = "吃播TV";
			sourceTree = "<group>";
		};
		84AF6EFB1F1D0536004850AE /* 吃播TVTests */ = {
			isa = PBXGroup;
			children = (
				84AF6EFC1F1D0536004850AE /* __TVTests.swift */,
				84AF6EFE1F1D0536004850AE /* Info.plist */,
			);
			path = "吃播TVTests";
			sourceTree = "<group>";
		};
		84AF6F061F1D0536004850AE /* 吃播TVUITests */ = {
			isa = PBXGroup;
			children = (
				84AF6F071F1D0536004850AE /* __TVUITests.swift */,
				84AF6F091F1D0536004850AE /* Info.plist */,
			);
			path = "吃播TVUITests";
			sourceTree = "<group>";
		};
		84AF6F151F1D0544004850AE /* Classes */ = {
			isa = PBXGroup;
			children = (
				84820C0F1F244CCD0071D417 /* Resource */,
				84AF6F1B1F1D0544004850AE /* Main */,
				84AF6F161F1D0544004850AE /* Base */,
				84820C441F2461BA0071D417 /* Live */,
				84820C281F245A720071D417 /* Home */,
				84AF6F211F1D0544004850AE /* Rank */,
				84AF6F171F1D0544004850AE /* Discover */,
				84AF6F1F1F1D0544004850AE /* Profile */,
				84820C231F2455D70071D417 /* Tools */,
			);
			path = Classes;
			sourceTree = "<group>";
		};
		84AF6F161F1D0544004850AE /* Base */ = {
			isa = PBXGroup;
			children = (
				84820C371F245B2A0071D417 /* BaseModel.swift */,
			);
			path = Base;
			sourceTree = "<group>";
		};
		84AF6F171F1D0544004850AE /* Discover */ = {
			isa = PBXGroup;
			children = (
				84AF6F181F1D0544004850AE /* Discover.storyboard */,
			);
			path = Discover;
			sourceTree = "<group>";
		};
		84AF6F1B1F1D0544004850AE /* Main */ = {
			isa = PBXGroup;
			children = (
				8483C2911F2572E10019CB69 /* Protocol */,
				84820C3F1F245E810071D417 /* Common */,
				84820C121F244DFB0071D417 /* LTBPageView */,
				84962E231F1D879200EFD2A1 /* Extension */,
				84AF6F1C1F1D0544004850AE /* Controller */,
			);
			path = Main;
			sourceTree = "<group>";
		};
		84AF6F1C1F1D0544004850AE /* Controller */ = {
			isa = PBXGroup;
			children = (
				84AF6F1D1F1D0544004850AE /* LTBNavigationController.swift */,
				84AF6F1E1F1D0544004850AE /* MainViewController.swift */,
			);
			path = Controller;
			sourceTree = "<group>";
		};
		84AF6F1F1F1D0544004850AE /* Profile */ = {
			isa = PBXGroup;
			children = (
				84AF6F201F1D0544004850AE /* Profile.storyboard */,
			);
			path = Profile;
			sourceTree = "<group>";
		};
		84AF6F211F1D0544004850AE /* Rank */ = {
			isa = PBXGroup;
			children = (
				84AF6F221F1D0544004850AE /* Rank.storyboard */,
			);
			path = Rank;
			sourceTree = "<group>";
		};
/* End PBXGroup section */

/* Begin PBXNativeTarget section */
		84AF6EE31F1D0535004850AE /* 吃播TV */ = {
			isa = PBXNativeTarget;
			buildConfigurationList = 84AF6F0C1F1D0536004850AE /* Build configuration list for PBXNativeTarget "吃播TV" */;
			buildPhases = (
				739FA0FE297CB7478E4D8788 /* [CP] Check Pods Manifest.lock */,
				84AF6EE01F1D0535004850AE /* Sources */,
				84AF6EE11F1D0535004850AE /* Frameworks */,
				84AF6EE21F1D0535004850AE /* Resources */,
				696FF88E5A2724F9B0231CA7 /* [CP] Embed Pods Frameworks */,
				6D08ACEC71D31CC993442264 /* [CP] Copy Pods Resources */,
			);
			buildRules = (
			);
			dependencies = (
			);
			name = "吃播TV";
			productName = "吃播TV";
			productReference = 84AF6EE41F1D0535004850AE /* 吃播TV.app */;
			productType = "com.apple.product-type.application";
		};
		84AF6EF71F1D0536004850AE /* 吃播TVTests */ = {
			isa = PBXNativeTarget;
			buildConfigurationList = 84AF6F0F1F1D0536004850AE /* Build configuration list for PBXNativeTarget "吃播TVTests" */;
			buildPhases = (
				9A572D7FBCDB52F73EEFBD2B /* [CP] Check Pods Manifest.lock */,
				84AF6EF41F1D0536004850AE /* Sources */,
				84AF6EF51F1D0536004850AE /* Frameworks */,
				84AF6EF61F1D0536004850AE /* Resources */,
				B66DB868D55A9BAFAF6944D6 /* [CP] Embed Pods Frameworks */,
				221D07600ED80020F6B51114 /* [CP] Copy Pods Resources */,
			);
			buildRules = (
			);
			dependencies = (
				84AF6EFA1F1D0536004850AE /* PBXTargetDependency */,
			);
			name = "吃播TVTests";
			productName = "吃播TVTests";
			productReference = 84AF6EF81F1D0536004850AE /* 吃播TVTests.xctest */;
			productType = "com.apple.product-type.bundle.unit-test";
		};
		84AF6F021F1D0536004850AE /* 吃播TVUITests */ = {
			isa = PBXNativeTarget;
			buildConfigurationList = 84AF6F121F1D0536004850AE /* Build configuration list for PBXNativeTarget "吃播TVUITests" */;
			buildPhases = (
				30F1B59B325A7B1AF2CA811F /* [CP] Check Pods Manifest.lock */,
				84AF6EFF1F1D0536004850AE /* Sources */,
				84AF6F001F1D0536004850AE /* Frameworks */,
				84AF6F011F1D0536004850AE /* Resources */,
				4E3B8CBC9D533F457E3A0108 /* [CP] Embed Pods Frameworks */,
				FCF5173311BD73F99F2EDDAA /* [CP] Copy Pods Resources */,
			);
			buildRules = (
			);
			dependencies = (
				84AF6F051F1D0536004850AE /* PBXTargetDependency */,
			);
			name = "吃播TVUITests";
			productName = "吃播TVUITests";
			productReference = 84AF6F031F1D0536004850AE /* 吃播TVUITests.xctest */;
			productType = "com.apple.product-type.bundle.ui-testing";
		};
/* End PBXNativeTarget section */

/* Begin PBXProject section */
		84AF6EDC1F1D0535004850AE /* Project object */ = {
			isa = PBXProject;
			attributes = {
				LastSwiftUpdateCheck = 0830;
				LastUpgradeCheck = 0830;
				ORGANIZATIONNAME = "李太白";
				TargetAttributes = {
					84AF6EE31F1D0535004850AE = {
						CreatedOnToolsVersion = 8.3.3;
						ProvisioningStyle = Automatic;
					};
					84AF6EF71F1D0536004850AE = {
						CreatedOnToolsVersion = 8.3.3;
						ProvisioningStyle = Automatic;
						TestTargetID = 84AF6EE31F1D0535004850AE;
					};
					84AF6F021F1D0536004850AE = {
						CreatedOnToolsVersion = 8.3.3;
						ProvisioningStyle = Automatic;
						TestTargetID = 84AF6EE31F1D0535004850AE;
					};
				};
			};
			buildConfigurationList = 84AF6EDF1F1D0535004850AE /* Build configuration list for PBXProject "吃播TV" */;
			compatibilityVersion = "Xcode 3.2";
			developmentRegion = English;
			hasScannedForEncodings = 0;
			knownRegions = (
				en,
				Base,
			);
			mainGroup = 84AF6EDB1F1D0535004850AE;
			productRefGroup = 84AF6EE51F1D0535004850AE /* Products */;
			projectDirPath = "";
			projectRoot = "";
			targets = (
				84AF6EE31F1D0535004850AE /* 吃播TV */,
				84AF6EF71F1D0536004850AE /* 吃播TVTests */,
				84AF6F021F1D0536004850AE /* 吃播TVUITests */,
			);
		};
/* End PBXProject section */

/* Begin PBXResourcesBuildPhase section */
		84AF6EE21F1D0535004850AE /* Resources */ = {
			isa = PBXResourcesBuildPhase;
			buildActionMask = 2147483647;
			files = (
				8483C2B11F2577F00019CB69 /* ChatToolsView.xib in Resources */,
				8483C2B61F2577F00019CB69 /* GiftListView.xib in Resources */,
				84AF6F271F1D0544004850AE /* Profile.storyboard in Resources */,
				8483C2B41F2577F00019CB69 /* EmoticonViewCell.xib in Resources */,
				84AF6F281F1D0544004850AE /* Rank.storyboard in Resources */,
				84820C111F244CCD0071D417 /* types.plist in Resources */,
				84820C3E1F245C370071D417 /* HomeViewCell.xib in Resources */,
				84820C301F245A720071D417 /* Home.storyboard in Resources */,
				84820C4B1F2461BA0071D417 /* RoomViewController.xib in Resources */,
				84AF6EF21F1D0536004850AE /* LaunchScreen.storyboard in Resources */,
				8483C2B81F2577F00019CB69 /* GiftViewCell.xib in Resources */,
				84AF6F231F1D0544004850AE /* Discover.storyboard in Resources */,
				84AF6EEF1F1D0536004850AE /* Assets.xcassets in Resources */,
				84AF6EED1F1D0536004850AE /* Main.storyboard in Resources */,
			);
			runOnlyForDeploymentPostprocessing = 0;
		};
		84AF6EF61F1D0536004850AE /* Resources */ = {
			isa = PBXResourcesBuildPhase;
			buildActionMask = 2147483647;
			files = (
			);
			runOnlyForDeploymentPostprocessing = 0;
		};
		84AF6F011F1D0536004850AE /* Resources */ = {
			isa = PBXResourcesBuildPhase;
			buildActionMask = 2147483647;
			files = (
			);
			runOnlyForDeploymentPostprocessing = 0;
		};
/* End PBXResourcesBuildPhase section */

/* Begin PBXShellScriptBuildPhase section */
		221D07600ED80020F6B51114 /* [CP] Copy Pods Resources */ = {
			isa = PBXShellScriptBuildPhase;
			buildActionMask = 2147483647;
			files = (
			);
			inputPaths = (
			);
			name = "[CP] Copy Pods Resources";
			outputPaths = (
			);
			runOnlyForDeploymentPostprocessing = 0;
			shellPath = /bin/sh;
			shellScript = "\"${SRCROOT}/Pods/Target Support Files/Pods-吃播TVTests/Pods-吃播TVTests-resources.sh\"\n";
			showEnvVarsInLog = 0;
		};
		30F1B59B325A7B1AF2CA811F /* [CP] Check Pods Manifest.lock */ = {
			isa = PBXShellScriptBuildPhase;
			buildActionMask = 2147483647;
			files = (
			);
			inputPaths = (
				"${PODS_PODFILE_DIR_PATH}/Podfile.lock",
				"${PODS_ROOT}/Manifest.lock",
			);
			name = "[CP] Check Pods Manifest.lock";
			outputPaths = (
				"$(DERIVED_FILE_DIR)/Pods-吃播TVUITests-checkManifestLockResult.txt",
			);
			runOnlyForDeploymentPostprocessing = 0;
			shellPath = /bin/sh;
			shellScript = "diff \"${PODS_PODFILE_DIR_PATH}/Podfile.lock\" \"${PODS_ROOT}/Manifest.lock\" > /dev/null\nif [ $? != 0 ] ; then\n    # print error to STDERR\n    echo \"error: The sandbox is not in sync with the Podfile.lock. Run 'pod install' or update your CocoaPods installation.\" >&2\n    exit 1\nfi\n# This output is used by Xcode 'outputs' to avoid re-running this script phase.\necho \"SUCCESS\" > \"${SCRIPT_OUTPUT_FILE_0}\"\n";
			showEnvVarsInLog = 0;
		};
		4E3B8CBC9D533F457E3A0108 /* [CP] Embed Pods Frameworks */ = {
			isa = PBXShellScriptBuildPhase;
			buildActionMask = 2147483647;
			files = (
			);
			inputPaths = (
			);
			name = "[CP] Embed Pods Frameworks";
			outputPaths = (
			);
			runOnlyForDeploymentPostprocessing = 0;
			shellPath = /bin/sh;
			shellScript = "\"${SRCROOT}/Pods/Target Support Files/Pods-吃播TVUITests/Pods-吃播TVUITests-frameworks.sh\"\n";
			showEnvVarsInLog = 0;
		};
		696FF88E5A2724F9B0231CA7 /* [CP] Embed Pods Frameworks */ = {
			isa = PBXShellScriptBuildPhase;
			buildActionMask = 2147483647;
			files = (
			);
			inputPaths = (
				"${SRCROOT}/Pods/Target Support Files/Pods-吃播TV/Pods-吃播TV-frameworks.sh",
				"${BUILT_PRODUCTS_DIR}/Alamofire/Alamofire.framework",
				"${BUILT_PRODUCTS_DIR}/Kingfisher/Kingfisher.framework",
			);
			name = "[CP] Embed Pods Frameworks";
			outputPaths = (
				"${TARGET_BUILD_DIR}/${FRAMEWORKS_FOLDER_PATH}/Alamofire.framework",
				"${TARGET_BUILD_DIR}/${FRAMEWORKS_FOLDER_PATH}/Kingfisher.framework",
			);
			runOnlyForDeploymentPostprocessing = 0;
			shellPath = /bin/sh;
			shellScript = "\"${SRCROOT}/Pods/Target Support Files/Pods-吃播TV/Pods-吃播TV-frameworks.sh\"\n";
			showEnvVarsInLog = 0;
		};
		6D08ACEC71D31CC993442264 /* [CP] Copy Pods Resources */ = {
			isa = PBXShellScriptBuildPhase;
			buildActionMask = 2147483647;
			files = (
			);
			inputPaths = (
			);
			name = "[CP] Copy Pods Resources";
			outputPaths = (
			);
			runOnlyForDeploymentPostprocessing = 0;
			shellPath = /bin/sh;
			shellScript = "\"${SRCROOT}/Pods/Target Support Files/Pods-吃播TV/Pods-吃播TV-resources.sh\"\n";
			showEnvVarsInLog = 0;
		};
		739FA0FE297CB7478E4D8788 /* [CP] Check Pods Manifest.lock */ = {
			isa = PBXShellScriptBuildPhase;
			buildActionMask = 2147483647;
			files = (
			);
			inputPaths = (
				"${PODS_PODFILE_DIR_PATH}/Podfile.lock",
				"${PODS_ROOT}/Manifest.lock",
			);
			name = "[CP] Check Pods Manifest.lock";
			outputPaths = (
				"$(DERIVED_FILE_DIR)/Pods-吃播TV-checkManifestLockResult.txt",
			);
			runOnlyForDeploymentPostprocessing = 0;
			shellPath = /bin/sh;
			shellScript = "diff \"${PODS_PODFILE_DIR_PATH}/Podfile.lock\" \"${PODS_ROOT}/Manifest.lock\" > /dev/null\nif [ $? != 0 ] ; then\n    # print error to STDERR\n    echo \"error: The sandbox is not in sync with the Podfile.lock. Run 'pod install' or update your CocoaPods installation.\" >&2\n    exit 1\nfi\n# This output is used by Xcode 'outputs' to avoid re-running this script phase.\necho \"SUCCESS\" > \"${SCRIPT_OUTPUT_FILE_0}\"\n";
			showEnvVarsInLog = 0;
		};
		9A572D7FBCDB52F73EEFBD2B /* [CP] Check Pods Manifest.lock */ = {
			isa = PBXShellScriptBuildPhase;
			buildActionMask = 2147483647;
			files = (
			);
			inputPaths = (
				"${PODS_PODFILE_DIR_PATH}/Podfile.lock",
				"${PODS_ROOT}/Manifest.lock",
			);
			name = "[CP] Check Pods Manifest.lock";
			outputPaths = (
				"$(DERIVED_FILE_DIR)/Pods-吃播TVTests-checkManifestLockResult.txt",
			);
			runOnlyForDeploymentPostprocessing = 0;
			shellPath = /bin/sh;
			shellScript = "diff \"${PODS_PODFILE_DIR_PATH}/Podfile.lock\" \"${PODS_ROOT}/Manifest.lock\" > /dev/null\nif [ $? != 0 ] ; then\n    # print error to STDERR\n    echo \"error: The sandbox is not in sync with the Podfile.lock. Run 'pod install' or update your CocoaPods installation.\" >&2\n    exit 1\nfi\n# This output is used by Xcode 'outputs' to avoid re-running this script phase.\necho \"SUCCESS\" > \"${SCRIPT_OUTPUT_FILE_0}\"\n";
			showEnvVarsInLog = 0;
		};
		B66DB868D55A9BAFAF6944D6 /* [CP] Embed Pods Frameworks */ = {
			isa = PBXShellScriptBuildPhase;
			buildActionMask = 2147483647;
			files = (
			);
			inputPaths = (
			);
			name = "[CP] Embed Pods Frameworks";
			outputPaths = (
			);
			runOnlyForDeploymentPostprocessing = 0;
			shellPath = /bin/sh;
			shellScript = "\"${SRCROOT}/Pods/Target Support Files/Pods-吃播TVTests/Pods-吃播TVTests-frameworks.sh\"\n";
			showEnvVarsInLog = 0;
		};
		FCF5173311BD73F99F2EDDAA /* [CP] Copy Pods Resources */ = {
			isa = PBXShellScriptBuildPhase;
			buildActionMask = 2147483647;
			files = (
			);
			inputPaths = (
			);
			name = "[CP] Copy Pods Resources";
			outputPaths = (
			);
			runOnlyForDeploymentPostprocessing = 0;
			shellPath = /bin/sh;
			shellScript = "\"${SRCROOT}/Pods/Target Support Files/Pods-吃播TVUITests/Pods-吃播TVUITests-resources.sh\"\n";
			showEnvVarsInLog = 0;
		};
/* End PBXShellScriptBuildPhase section */

/* Begin PBXSourcesBuildPhase section */
		84AF6EE01F1D0535004850AE /* Sources */ = {
			isa = PBXSourcesBuildPhase;
			buildActionMask = 2147483647;
			files = (
				84820C1E1F244DFB0071D417 /* LTBPageView.swift in Sources */,
				8483C2951F2573AC0019CB69 /* Emitterable.swift in Sources */,
				8483C2A01F2576980019CB69 /* EmoticonPackage.swift in Sources */,
				84820C411F245E990071D417 /* Const.swift in Sources */,
				8483C29A1F2576010019CB69 /* GiftModel.swift in Sources */,
				8483C28E1F25672D0019CB69 /* LTBPageCollectionViewLayout.swift in Sources */,
				84962E251F1D87B400EFD2A1 /* UIColor-Extension.swift in Sources */,
				8483C2B71F2577F00019CB69 /* GiftViewCell.swift in Sources */,
				8483C2B31F2577F00019CB69 /* EmoticonViewCell.swift in Sources */,
				84820C431F245F980071D417 /* AnchorViewController.swift in Sources */,
				84820C1A1F244DFB0071D417 /* LTBContentView.swift in Sources */,
				84820C311F245A720071D417 /* HomeViewController.swift in Sources */,
				84AF6EEA1F1D0535004850AE /* ViewController.swift in Sources */,
				84AF6EE81F1D0535004850AE /* AppDelegate.swift in Sources */,
				8483C29E1F25767B0019CB69 /* Emoticon.swift in Sources */,
				8483C2931F25730E0019CB69 /* NibLoadable.swift in Sources */,
				84820C381F245B2A0071D417 /* BaseModel.swift in Sources */,
				8483C2B01F2577F00019CB69 /* ChatToolsView.swift in Sources */,
				84820C4A1F2461BA0071D417 /* RoomViewController.swift in Sources */,
				84820C271F2459680071D417 /* KingfisherExtension.swift in Sources */,
				8483C2A21F2576FB0019CB69 /* GiftViewModel.swift in Sources */,
				84820C361F245B110071D417 /* HomeType.swift in Sources */,
				84820C1F1F244DFB0071D417 /* LTBTitleView.swift in Sources */,
				8483C2B51F2577F00019CB69 /* GiftListView.swift in Sources */,
				84820C251F2456BC0071D417 /* NetworkTools.swift in Sources */,
				84820C341F245A8B0071D417 /* HomeViewModel.swift in Sources */,
				8483C2971F2575330019CB69 /* NSData-Extension.swift in Sources */,
				84AF6F251F1D0544004850AE /* LTBNavigationController.swift in Sources */,
				84AF6F261F1D0544004850AE /* MainViewController.swift in Sources */,
				84820C321F245A720071D417 /* WaterfallLayout.swift in Sources */,
				84820C1D1F244DFB0071D417 /* LTBTitleStyle.swift in Sources */,
				8483C2B21F2577F00019CB69 /* EmoticonView.swift in Sources */,
				84820C3A1F245BEE0071D417 /* AnchorModel.swift in Sources */,
				8483C2A41F2577880019CB69 /* EmoticonViewModel.swift in Sources */,
				84820C3D1F245C370071D417 /* HomeViewCell.swift in Sources */,
				8483C29C1F2576330019CB69 /* GiftPackage.swift in Sources */,
				8483C2901F256B6C0019CB69 /* LTBPageCollectionView.swift in Sources */,
			);
			runOnlyForDeploymentPostprocessing = 0;
		};
		84AF6EF41F1D0536004850AE /* Sources */ = {
			isa = PBXSourcesBuildPhase;
			buildActionMask = 2147483647;
			files = (
				84AF6EFD1F1D0536004850AE /* __TVTests.swift in Sources */,
			);
			runOnlyForDeploymentPostprocessing = 0;
		};
		84AF6EFF1F1D0536004850AE /* Sources */ = {
			isa = PBXSourcesBuildPhase;
			buildActionMask = 2147483647;
			files = (
				84AF6F081F1D0536004850AE /* __TVUITests.swift in Sources */,
			);
			runOnlyForDeploymentPostprocessing = 0;
		};
/* End PBXSourcesBuildPhase section */

/* Begin PBXTargetDependency section */
		84AF6EFA1F1D0536004850AE /* PBXTargetDependency */ = {
			isa = PBXTargetDependency;
			target = 84AF6EE31F1D0535004850AE /* 吃播TV */;
			targetProxy = 84AF6EF91F1D0536004850AE /* PBXContainerItemProxy */;
		};
		84AF6F051F1D0536004850AE /* PBXTargetDependency */ = {
			isa = PBXTargetDependency;
			target = 84AF6EE31F1D0535004850AE /* 吃播TV */;
			targetProxy = 84AF6F041F1D0536004850AE /* PBXContainerItemProxy */;
		};
/* End PBXTargetDependency section */

/* Begin PBXVariantGroup section */
		84AF6EEB1F1D0536004850AE /* Main.storyboard */ = {
			isa = PBXVariantGroup;
			children = (
				84AF6EEC1F1D0536004850AE /* Base */,
			);
			name = Main.storyboard;
			sourceTree = "<group>";
		};
		84AF6EF01F1D0536004850AE /* LaunchScreen.storyboard */ = {
			isa = PBXVariantGroup;
			children = (
				84AF6EF11F1D0536004850AE /* Base */,
			);
			name = LaunchScreen.storyboard;
			sourceTree = "<group>";
		};
/* End PBXVariantGroup section */

/* Begin XCBuildConfiguration section */
		84AF6F0A1F1D0536004850AE /* Debug */ = {
			isa = XCBuildConfiguration;
			buildSettings = {
				ALWAYS_SEARCH_USER_PATHS = NO;
				CLANG_ANALYZER_NONNULL = YES;
				CLANG_ANALYZER_NUMBER_OBJECT_CONVERSION = YES_AGGRESSIVE;
				CLANG_CXX_LANGUAGE_STANDARD = "gnu++0x";
				CLANG_CXX_LIBRARY = "libc++";
				CLANG_ENABLE_MODULES = YES;
				CLANG_ENABLE_OBJC_ARC = YES;
				CLANG_WARN_BOOL_CONVERSION = YES;
				CLANG_WARN_CONSTANT_CONVERSION = YES;
				CLANG_WARN_DIRECT_OBJC_ISA_USAGE = YES_ERROR;
				CLANG_WARN_DOCUMENTATION_COMMENTS = YES;
				CLANG_WARN_EMPTY_BODY = YES;
				CLANG_WARN_ENUM_CONVERSION = YES;
				CLANG_WARN_INFINITE_RECURSION = YES;
				CLANG_WARN_INT_CONVERSION = YES;
				CLANG_WARN_OBJC_ROOT_CLASS = YES_ERROR;
				CLANG_WARN_SUSPICIOUS_MOVE = YES;
				CLANG_WARN_UNREACHABLE_CODE = YES;
				CLANG_WARN__DUPLICATE_METHOD_MATCH = YES;
				"CODE_SIGN_IDENTITY[sdk=iphoneos*]" = "iPhone Developer";
				COPY_PHASE_STRIP = NO;
				DEBUG_INFORMATION_FORMAT = dwarf;
				ENABLE_STRICT_OBJC_MSGSEND = YES;
				ENABLE_TESTABILITY = YES;
				GCC_C_LANGUAGE_STANDARD = gnu99;
				GCC_DYNAMIC_NO_PIC = NO;
				GCC_NO_COMMON_BLOCKS = YES;
				GCC_OPTIMIZATION_LEVEL = 0;
				GCC_PREPROCESSOR_DEFINITIONS = (
					"DEBUG=1",
					"$(inherited)",
				);
				GCC_WARN_64_TO_32_BIT_CONVERSION = YES;
				GCC_WARN_ABOUT_RETURN_TYPE = YES_ERROR;
				GCC_WARN_UNDECLARED_SELECTOR = YES;
				GCC_WARN_UNINITIALIZED_AUTOS = YES_AGGRESSIVE;
				GCC_WARN_UNUSED_FUNCTION = YES;
				GCC_WARN_UNUSED_VARIABLE = YES;
				IPHONEOS_DEPLOYMENT_TARGET = 10.3;
				MTL_ENABLE_DEBUG_INFO = YES;
				ONLY_ACTIVE_ARCH = YES;
				SDKROOT = iphoneos;
				SWIFT_ACTIVE_COMPILATION_CONDITIONS = DEBUG;
				SWIFT_OPTIMIZATION_LEVEL = "-Onone";
			};
			name = Debug;
		};
		84AF6F0B1F1D0536004850AE /* Release */ = {
			isa = XCBuildConfiguration;
			buildSettings = {
				ALWAYS_SEARCH_USER_PATHS = NO;
				CLANG_ANALYZER_NONNULL = YES;
				CLANG_ANALYZER_NUMBER_OBJECT_CONVERSION = YES_AGGRESSIVE;
				CLANG_CXX_LANGUAGE_STANDARD = "gnu++0x";
				CLANG_CXX_LIBRARY = "libc++";
				CLANG_ENABLE_MODULES = YES;
				CLANG_ENABLE_OBJC_ARC = YES;
				CLANG_WARN_BOOL_CONVERSION = YES;
				CLANG_WARN_CONSTANT_CONVERSION = YES;
				CLANG_WARN_DIRECT_OBJC_ISA_USAGE = YES_ERROR;
				CLANG_WARN_DOCUMENTATION_COMMENTS = YES;
				CLANG_WARN_EMPTY_BODY = YES;
				CLANG_WARN_ENUM_CONVERSION = YES;
				CLANG_WARN_INFINITE_RECURSION = YES;
				CLANG_WARN_INT_CONVERSION = YES;
				CLANG_WARN_OBJC_ROOT_CLASS = YES_ERROR;
				CLANG_WARN_SUSPICIOUS_MOVE = YES;
				CLANG_WARN_UNREACHABLE_CODE = YES;
				CLANG_WARN__DUPLICATE_METHOD_MATCH = YES;
				"CODE_SIGN_IDENTITY[sdk=iphoneos*]" = "iPhone Developer";
				COPY_PHASE_STRIP = NO;
				DEBUG_INFORMATION_FORMAT = "dwarf-with-dsym";
				ENABLE_NS_ASSERTIONS = NO;
				ENABLE_STRICT_OBJC_MSGSEND = YES;
				GCC_C_LANGUAGE_STANDARD = gnu99;
				GCC_NO_COMMON_BLOCKS = YES;
				GCC_WARN_64_TO_32_BIT_CONVERSION = YES;
				GCC_WARN_ABOUT_RETURN_TYPE = YES_ERROR;
				GCC_WARN_UNDECLARED_SELECTOR = YES;
				GCC_WARN_UNINITIALIZED_AUTOS = YES_AGGRESSIVE;
				GCC_WARN_UNUSED_FUNCTION = YES;
				GCC_WARN_UNUSED_VARIABLE = YES;
				IPHONEOS_DEPLOYMENT_TARGET = 10.3;
				MTL_ENABLE_DEBUG_INFO = NO;
				SDKROOT = iphoneos;
				SWIFT_OPTIMIZATION_LEVEL = "-Owholemodule";
				VALIDATE_PRODUCT = YES;
			};
			name = Release;
		};
		84AF6F0D1F1D0536004850AE /* Debug */ = {
			isa = XCBuildConfiguration;
			baseConfigurationReference = 8730AA72543A9CF28DED211B /* Pods-吃播TV.debug.xcconfig */;
			buildSettings = {
				ASSETCATALOG_COMPILER_APPICON_NAME = AppIcon;
				INFOPLIST_FILE = "吃播TV/Info.plist";
				LD_RUNPATH_SEARCH_PATHS = "$(inherited) @executable_path/Frameworks";
				PRODUCT_BUNDLE_IDENTIFIER = "com.dreamerjl.--TV";
				PRODUCT_NAME = "$(TARGET_NAME)";
				SWIFT_VERSION = 3.0;
			};
			name = Debug;
		};
		84AF6F0E1F1D0536004850AE /* Release */ = {
			isa = XCBuildConfiguration;
			baseConfigurationReference = 1C8D95E7814467ECE33C8E36 /* Pods-吃播TV.release.xcconfig */;
			buildSettings = {
				ASSETCATALOG_COMPILER_APPICON_NAME = AppIcon;
				INFOPLIST_FILE = "吃播TV/Info.plist";
				LD_RUNPATH_SEARCH_PATHS = "$(inherited) @executable_path/Frameworks";
				PRODUCT_BUNDLE_IDENTIFIER = "com.dreamerjl.--TV";
				PRODUCT_NAME = "$(TARGET_NAME)";
				SWIFT_VERSION = 3.0;
			};
			name = Release;
		};
		84AF6F101F1D0536004850AE /* Debug */ = {
			isa = XCBuildConfiguration;
			baseConfigurationReference = 51FD80D9A12560B0E07C1877 /* Pods-吃播TVTests.debug.xcconfig */;
			buildSettings = {
				ALWAYS_EMBED_SWIFT_STANDARD_LIBRARIES = YES;
				BUNDLE_LOADER = "$(TEST_HOST)";
				INFOPLIST_FILE = "吃播TVTests/Info.plist";
				LD_RUNPATH_SEARCH_PATHS = "$(inherited) @executable_path/Frameworks @loader_path/Frameworks";
				PRODUCT_BUNDLE_IDENTIFIER = "com.dreamerjl.--TVTests";
				PRODUCT_NAME = "$(TARGET_NAME)";
				SWIFT_VERSION = 3.0;
				TEST_HOST = "$(BUILT_PRODUCTS_DIR)/吃播TV.app/吃播TV";
			};
			name = Debug;
		};
		84AF6F111F1D0536004850AE /* Release */ = {
			isa = XCBuildConfiguration;
			baseConfigurationReference = 8AF50BBC3AFE5F321B8BBFCF /* Pods-吃播TVTests.release.xcconfig */;
			buildSettings = {
				ALWAYS_EMBED_SWIFT_STANDARD_LIBRARIES = YES;
				BUNDLE_LOADER = "$(TEST_HOST)";
				INFOPLIST_FILE = "吃播TVTests/Info.plist";
				LD_RUNPATH_SEARCH_PATHS = "$(inherited) @executable_path/Frameworks @loader_path/Frameworks";
				PRODUCT_BUNDLE_IDENTIFIER = "com.dreamerjl.--TVTests";
				PRODUCT_NAME = "$(TARGET_NAME)";
				SWIFT_VERSION = 3.0;
				TEST_HOST = "$(BUILT_PRODUCTS_DIR)/吃播TV.app/吃播TV";
			};
			name = Release;
		};
		84AF6F131F1D0536004850AE /* Debug */ = {
			isa = XCBuildConfiguration;
			baseConfigurationReference = 54F79F22B4F2F6746A6B3615 /* Pods-吃播TVUITests.debug.xcconfig */;
			buildSettings = {
				ALWAYS_EMBED_SWIFT_STANDARD_LIBRARIES = YES;
				INFOPLIST_FILE = "吃播TVUITests/Info.plist";
				LD_RUNPATH_SEARCH_PATHS = "$(inherited) @executable_path/Frameworks @loader_path/Frameworks";
				PRODUCT_BUNDLE_IDENTIFIER = "com.dreamerjl.--TVUITests";
				PRODUCT_NAME = "$(TARGET_NAME)";
				SWIFT_VERSION = 3.0;
				TEST_TARGET_NAME = "吃播TV";
			};
			name = Debug;
		};
		84AF6F141F1D0536004850AE /* Release */ = {
			isa = XCBuildConfiguration;
			baseConfigurationReference = BDF63499669CC4B84E6B78D3 /* Pods-吃播TVUITests.release.xcconfig */;
			buildSettings = {
				ALWAYS_EMBED_SWIFT_STANDARD_LIBRARIES = YES;
				INFOPLIST_FILE = "吃播TVUITests/Info.plist";
				LD_RUNPATH_SEARCH_PATHS = "$(inherited) @executable_path/Frameworks @loader_path/Frameworks";
				PRODUCT_BUNDLE_IDENTIFIER = "com.dreamerjl.--TVUITests";
				PRODUCT_NAME = "$(TARGET_NAME)";
				SWIFT_VERSION = 3.0;
				TEST_TARGET_NAME = "吃播TV";
			};
			name = Release;
		};
/* End XCBuildConfiguration section */

/* Begin XCConfigurationList section */
		84AF6EDF1F1D0535004850AE /* Build configuration list for PBXProject "吃播TV" */ = {
			isa = XCConfigurationList;
			buildConfigurations = (
				84AF6F0A1F1D0536004850AE /* Debug */,
				84AF6F0B1F1D0536004850AE /* Release */,
			);
			defaultConfigurationIsVisible = 0;
			defaultConfigurationName = Release;
		};
		84AF6F0C1F1D0536004850AE /* Build configuration list for PBXNativeTarget "吃播TV" */ = {
			isa = XCConfigurationList;
			buildConfigurations = (
				84AF6F0D1F1D0536004850AE /* Debug */,
				84AF6F0E1F1D0536004850AE /* Release */,
			);
			defaultConfigurationIsVisible = 0;
			defaultConfigurationName = Release;
		};
		84AF6F0F1F1D0536004850AE /* Build configuration list for PBXNativeTarget "吃播TVTests" */ = {
			isa = XCConfigurationList;
			buildConfigurations = (
				84AF6F101F1D0536004850AE /* Debug */,
				84AF6F111F1D0536004850AE /* Release */,
			);
			defaultConfigurationIsVisible = 0;
			defaultConfigurationName = Release;
		};
		84AF6F121F1D0536004850AE /* Build configuration list for PBXNativeTarget "吃播TVUITests" */ = {
			isa = XCConfigurationList;
			buildConfigurations = (
				84AF6F131F1D0536004850AE /* Debug */,
				84AF6F141F1D0536004850AE /* Release */,
			);
			defaultConfigurationIsVisible = 0;
			defaultConfigurationName = Release;
		};
/* End XCConfigurationList section */
	};
	rootObject = 84AF6EDC1F1D0535004850AE /* Project object */;
}
